
Microsoft Visual Studio Solution File, Format Version 12.00
# Visual Studio Version 17
VisualStudioVersion = 17.9.34902.65
MinimumVisualStudioVersion = 10.0.40219.1
Project("{FAE04EC0-301F-11D3-BF4B-00C04F79EFBC}") = "CriptoFile", "CriptoFile\CriptoFile.csproj", "{5E32E84B-4396-4AA8-B279-F4618D7ED170}"
EndProject
Global
	GlobalSection(SolutionConfigurationPlatforms) = preSolution
		Debug|Any CPU = Debug|Any CPU
		Release|Any CPU = Release|Any CPU
	EndGlobalSection
	GlobalSection(ProjectConfigurationPlatforms) = postSolution
		{5E32E84B-4396-4AA8-B279-F4618D7ED170}.Debug|Any CPU.ActiveCfg = Debug|Any CPU
		{5E32E84B-4396-4AA8-B279-F4618D7ED170}.Debug|Any CPU.Build.0 = Debug|Any CPU
		{5E32E84B-4396-4AA8-B279-F4618D7ED170}.Release|Any CPU.ActiveCfg = Release|Any CPU
		{5E32E84B-4396-4AA8-B279-F4618D7ED170}.Release|Any CPU.Build.0 = Release|Any CPU
	EndGlobalSection
	GlobalSection(SolutionProperties) = preSolution
		HideSolutionNode = FALSE
	EndGlobalSection
	GlobalSection(ExtensibilityGlobals) = postSolution
		SolutionGuid = {C74027CF-05C1-4F2B-8DFE-E0EDAA34A0C2}
	EndGlobalSection
EndGlobal
